
Microsoft Visual Studio Solution File, Format Version 12.00
# Visual Studio Version 17
VisualStudioVersion = 17.14.36301.6
MinimumVisualStudioVersion = 10.0.40219.1
Project("{2150E333-8FDC-42A3-9474-1A3956D46DE8}") = "API", "API", "{02EA681E-C7D8-13C7-8484-4AC65E1B71E8}"
EndProject
Project("{FAE04EC0-301F-11D3-BF4B-00C04F79EFBC}") = "ldScanner.API", "ldScanner.API\ldScanner.API.csproj", "{05F87642-3041-4B9A-B41B-0DB2CB7EFCE1}"
EndProject
Project("{2150E333-8FDC-42A3-9474-1A3956D46DE8}") = "Application", "Application", "{03725668-363F-4E65-94E6-6CC3ECF3C195}"
EndProject
Project("{2150E333-8FDC-42A3-9474-1A3956D46DE8}") = "Domain", "Domain", "{369CB01D-A1A7-72D2-AABC-3F0945D148A2}"
EndProject
Project("{2150E333-8FDC-42A3-9474-1A3956D46DE8}") = "Infrastructure", "Infrastructure", "{7DC331D0-3EC4-40A6-69FB-1CBEB2E0D1EA}"
EndProject
Project("{FAE04EC0-301F-11D3-BF4B-00C04F79EFBC}") = "IdScanner.Application", "IdScanner.Application\IdScanner.Application.csproj", "{2E728D8F-299B-47B5-BE19-99D8A400353B}"
EndProject
Project("{FAE04EC0-301F-11D3-BF4B-00C04F79EFBC}") = "IdScanner.Domain", "IdScanner.Domain\IdScanner.Domain.csproj", "{F39EC7D8-CD3B-458A-B613-1A35A64BAA4A}"
EndProject
Project("{FAE04EC0-301F-11D3-BF4B-00C04F79EFBC}") = "IdScanner.Infrastructure", "IdScanner.Infrastructure\IdScanner.Infrastructure.csproj", "{24E3172E-FCBB-453B-A7E2-669D94CD60BE}"
EndProject
Project("{2150E333-8FDC-42A3-9474-1A3956D46DE8}") = "UI", "UI", "{BC8DC465-DA82-45D6-8EF7-C6F89FFA217C}"
EndProject
Project("{FAE04EC0-301F-11D3-BF4B-00C04F79EFBC}") = "IdScanner.UI", "IdScanner.UI\IdScanner.UI.csproj", "{FA311096-7EBF-47DE-9FA6-3C73622672F7}"
EndProject
Project("{2150E333-8FDC-42A3-9474-1A3956D46DE8}") = "IdScanner.UI.Infrastructure", "IdScanner.UI.Infrastructure", "{6B730724-CB29-41D7-86FD-A5BB032B4EC3}"
EndProject
Project("{2150E333-8FDC-42A3-9474-1A3956D46DE8}") = "IdScanner.UI.Application", "IdScanner.UI.Application", "{3C14F015-DAFC-49D0-A5B1-5A712241EA0B}"
EndProject
Project("{2150E333-8FDC-42A3-9474-1A3956D46DE8}") = "IdScanner.UI.Domain", "IdScanner.UI.Domain", "{050F65DF-3355-4F38-8E6F-C087233B1BB0}"
EndProject
Project("{FAE04EC0-301F-11D3-BF4B-00C04F79EFBC}") = "IdScanner.UI.Application", "IdScanner.UI.Application\IdScanner.UI.Application.csproj", "{D41E2927-5909-4F66-8062-C412E53F4B31}"
EndProject
Project("{FAE04EC0-301F-11D3-BF4B-00C04F79EFBC}") = "IdScanner.UI.Domain", "IdScanner.UI.Domain\IdScanner.UI.Domain.csproj", "{6EBB503B-CBC6-4368-8064-CA55B3DAA33F}"
EndProject
Project("{FAE04EC0-301F-11D3-BF4B-00C04F79EFBC}") = "IdScanner.UI.Infrastructure", "IdScanner.UI.Infrastructure\IdScanner.UI.Infrastructure.csproj", "{F1F59676-750B-4310-9E72-ABDFCA99D6BA}"
EndProject
Project("{2150E333-8FDC-42A3-9474-1A3956D46DE8}") = "IdScanner.UI", "IdScanner.UI", "{AC944325-6C3E-41DF-BE2D-F6604FFC2195}"
EndProject
Global
	GlobalSection(SolutionConfigurationPlatforms) = preSolution
		Debug|Any CPU = Debug|Any CPU
		Release|Any CPU = Release|Any CPU
	EndGlobalSection
	GlobalSection(ProjectConfigurationPlatforms) = postSolution
		{05F87642-3041-4B9A-B41B-0DB2CB7EFCE1}.Debug|Any CPU.ActiveCfg = Debug|Any CPU
		{05F87642-3041-4B9A-B41B-0DB2CB7EFCE1}.Debug|Any CPU.Build.0 = Debug|Any CPU
		{05F87642-3041-4B9A-B41B-0DB2CB7EFCE1}.Release|Any CPU.ActiveCfg = Release|Any CPU
		{05F87642-3041-4B9A-B41B-0DB2CB7EFCE1}.Release|Any CPU.Build.0 = Release|Any CPU
		{2E728D8F-299B-47B5-BE19-99D8A400353B}.Debug|Any CPU.ActiveCfg = Debug|Any CPU
		{2E728D8F-299B-47B5-BE19-99D8A400353B}.Debug|Any CPU.Build.0 = Debug|Any CPU
		{2E728D8F-299B-47B5-BE19-99D8A400353B}.Release|Any CPU.ActiveCfg = Release|Any CPU
		{2E728D8F-299B-47B5-BE19-99D8A400353B}.Release|Any CPU.Build.0 = Release|Any CPU
		{F39EC7D8-CD3B-458A-B613-1A35A64BAA4A}.Debug|Any CPU.ActiveCfg = Debug|Any CPU
		{F39EC7D8-CD3B-458A-B613-1A35A64BAA4A}.Debug|Any CPU.Build.0 = Debug|Any CPU
		{F39EC7D8-CD3B-458A-B613-1A35A64BAA4A}.Release|Any CPU.ActiveCfg = Release|Any CPU
		{F39EC7D8-CD3B-458A-B613-1A35A64BAA4A}.Release|Any CPU.Build.0 = Release|Any CPU
		{24E3172E-FCBB-453B-A7E2-669D94CD60BE}.Debug|Any CPU.ActiveCfg = Debug|Any CPU
		{24E3172E-FCBB-453B-A7E2-669D94CD60BE}.Debug|Any CPU.Build.0 = Debug|Any CPU
		{24E3172E-FCBB-453B-A7E2-669D94CD60BE}.Release|Any CPU.ActiveCfg = Release|Any CPU
		{24E3172E-FCBB-453B-A7E2-669D94CD60BE}.Release|Any CPU.Build.0 = Release|Any CPU
		{FA311096-7EBF-47DE-9FA6-3C73622672F7}.Debug|Any CPU.ActiveCfg = Debug|Any CPU
		{FA311096-7EBF-47DE-9FA6-3C73622672F7}.Debug|Any CPU.Build.0 = Debug|Any CPU
		{FA311096-7EBF-47DE-9FA6-3C73622672F7}.Release|Any CPU.ActiveCfg = Release|Any CPU
		{FA311096-7EBF-47DE-9FA6-3C73622672F7}.Release|Any CPU.Build.0 = Release|Any CPU
		{D41E2927-5909-4F66-8062-C412E53F4B31}.Debug|Any CPU.ActiveCfg = Debug|Any CPU
		{D41E2927-5909-4F66-8062-C412E53F4B31}.Debug|Any CPU.Build.0 = Debug|Any CPU
		{D41E2927-5909-4F66-8062-C412E53F4B31}.Release|Any CPU.ActiveCfg = Release|Any CPU
		{D41E2927-5909-4F66-8062-C412E53F4B31}.Release|Any CPU.Build.0 = Release|Any CPU
		{6EBB503B-CBC6-4368-8064-CA55B3DAA33F}.Debug|Any CPU.ActiveCfg = Debug|Any CPU
		{6EBB503B-CBC6-4368-8064-CA55B3DAA33F}.Debug|Any CPU.Build.0 = Debug|Any CPU
		{6EBB503B-CBC6-4368-8064-CA55B3DAA33F}.Release|Any CPU.ActiveCfg = Release|Any CPU
		{6EBB503B-CBC6-4368-8064-CA55B3DAA33F}.Release|Any CPU.Build.0 = Release|Any CPU
		{F1F59676-750B-4310-9E72-ABDFCA99D6BA}.Debug|Any CPU.ActiveCfg = Debug|Any CPU
		{F1F59676-750B-4310-9E72-ABDFCA99D6BA}.Debug|Any CPU.Build.0 = Debug|Any CPU
		{F1F59676-750B-4310-9E72-ABDFCA99D6BA}.Release|Any CPU.ActiveCfg = Release|Any CPU
		{F1F59676-750B-4310-9E72-ABDFCA99D6BA}.Release|Any CPU.Build.0 = Release|Any CPU
	EndGlobalSection
	GlobalSection(SolutionProperties) = preSolution
		HideSolutionNode = FALSE
	EndGlobalSection
	GlobalSection(NestedProjects) = preSolution
		{05F87642-3041-4B9A-B41B-0DB2CB7EFCE1} = {02EA681E-C7D8-13C7-8484-4AC65E1B71E8}
		{2E728D8F-299B-47B5-BE19-99D8A400353B} = {03725668-363F-4E65-94E6-6CC3ECF3C195}
		{F39EC7D8-CD3B-458A-B613-1A35A64BAA4A} = {369CB01D-A1A7-72D2-AABC-3F0945D148A2}
		{24E3172E-FCBB-453B-A7E2-669D94CD60BE} = {7DC331D0-3EC4-40A6-69FB-1CBEB2E0D1EA}
		{FA311096-7EBF-47DE-9FA6-3C73622672F7} = {AC944325-6C3E-41DF-BE2D-F6604FFC2195}
		{6B730724-CB29-41D7-86FD-A5BB032B4EC3} = {BC8DC465-DA82-45D6-8EF7-C6F89FFA217C}
		{3C14F015-DAFC-49D0-A5B1-5A712241EA0B} = {BC8DC465-DA82-45D6-8EF7-C6F89FFA217C}
		{050F65DF-3355-4F38-8E6F-C087233B1BB0} = {BC8DC465-DA82-45D6-8EF7-C6F89FFA217C}
		{D41E2927-5909-4F66-8062-C412E53F4B31} = {3C14F015-DAFC-49D0-A5B1-5A712241EA0B}
		{6EBB503B-CBC6-4368-8064-CA55B3DAA33F} = {050F65DF-3355-4F38-8E6F-C087233B1BB0}
		{F1F59676-750B-4310-9E72-ABDFCA99D6BA} = {6B730724-CB29-41D7-86FD-A5BB032B4EC3}
		{AC944325-6C3E-41DF-BE2D-F6604FFC2195} = {BC8DC465-DA82-45D6-8EF7-C6F89FFA217C}
	EndGlobalSection
	GlobalSection(ExtensibilityGlobals) = postSolution
		SolutionGuid = {71D3CB59-1302-4E9C-82A5-08ABD93C3EDF}
	EndGlobalSection
EndGlobal
