
Microsoft Visual Studio Solution File, Format Version 12.00
# Visual Studio Version 17
VisualStudioVersion = 17.14.36301.6
MinimumVisualStudioVersion = 10.0.40219.1
Project("{2150E333-8FDC-42A3-9474-1A3956D46DE8}") = "API", "API", "{02EA681E-C7D8-13C7-8484-4AC65E1B71E8}"
EndProject
Project("{9A19103F-16F7-4668-BE54-9A1E7A4F7556}") = "ldScanner.API", "ldScanner.API\ldScanner.API.csproj", "{05F87642-3041-4B9A-B41B-0DB2CB7EFCE1}"
EndProject
Project("{2150E333-8FDC-42A3-9474-1A3956D46DE8}") = "Application", "Application", "{03725668-363F-4E65-94E6-6CC3ECF3C195}"
EndProject
Project("{2150E333-8FDC-42A3-9474-1A3956D46DE8}") = "Domain", "Domain", "{369CB01D-A1A7-72D2-AABC-3F0945D148A2}"
EndProject
Project("{2150E333-8FDC-42A3-9474-1A3956D46DE8}") = "Infrastructure", "Infrastructure", "{7DC331D0-3EC4-40A6-69FB-1CBEB2E0D1EA}"
EndProject
Project("{9A19103F-16F7-4668-BE54-9A1E7A4F7556}") = "IdScanner.Application", "IdScanner.Application\IdScanner.Application.csproj", "{2E728D8F-299B-47B5-BE19-99D8A400353B}"
EndProject
Project("{9A19103F-16F7-4668-BE54-9A1E7A4F7556}") = "IdScanner.Domain", "IdScanner.Domain\IdScanner.Domain.csproj", "{F39EC7D8-CD3B-458A-B613-1A35A64BAA4A}"
EndProject
Project("{2150E333-8FDC-42A3-9474-1A3956D46DE8}") = "UI", "UI", "{BC8DC465-DA82-45D6-8EF7-C6F89FFA217C}"
EndProject
Project("{9A19103F-16F7-4668-BE54-9A1E7A4F7556}") = "IdScanner.UI", "IdScanner.UI\IdScanner.UI.csproj", "{FA311096-7EBF-47DE-9FA6-3C73622672F7}"
EndProject
Project("{2150E333-8FDC-42A3-9474-1A3956D46DE8}") = "IdScanner.UI.Infrastructure", "IdScanner.UI.Infrastructure", "{6B730724-CB29-41D7-86FD-A5BB032B4EC3}"
EndProject
Project("{2150E333-8FDC-42A3-9474-1A3956D46DE8}") = "IdScanner.UI.Application", "IdScanner.UI.Application", "{3C14F015-DAFC-49D0-A5B1-5A712241EA0B}"
EndProject
Project("{2150E333-8FDC-42A3-9474-1A3956D46DE8}") = "IdScanner.UI.Domain", "IdScanner.UI.Domain", "{050F65DF-3355-4F38-8E6F-C087233B1BB0}"
EndProject
Project("{9A19103F-16F7-4668-BE54-9A1E7A4F7556}") = "IdScanner.UI.Application", "IdScanner.UI.Application\IdScanner.UI.Application.csproj", "{D41E2927-5909-4F66-8062-C412E53F4B31}"
EndProject
Project("{9A19103F-16F7-4668-BE54-9A1E7A4F7556}") = "IdScanner.UI.Domain", "IdScanner.UI.Domain\IdScanner.UI.Domain.csproj", "{6EBB503B-CBC6-4368-8064-CA55B3DAA33F}"
EndProject
Project("{9A19103F-16F7-4668-BE54-9A1E7A4F7556}") = "IdScanner.UI.Infrastructure", "IdScanner.UI.Infrastructure\IdScanner.UI.Infrastructure.csproj", "{F1F59676-750B-4310-9E72-ABDFCA99D6BA}"
EndProject
Project("{2150E333-8FDC-42A3-9474-1A3956D46DE8}") = "IdScanner.UI", "IdScanner.UI", "{AC944325-6C3E-41DF-BE2D-F6604FFC2195}"
EndProject
Project("{9A19103F-16F7-4668-BE54-9A1E7A4F7556}") = "IdScanner.Infrastructure", "IdScanner.Infrastrure\IdScanner.Infrastructure.csproj", "{1B2C0892-8300-4C8B-A971-DD80159C8A16}"
EndProject
Project("{2150E333-8FDC-42A3-9474-1A3956D46DE8}") = "SocPass", "SocPass", "{71FCF2BA-ADCF-43EE-ABBD-BDFF0FD1503C}"
EndProject
Project("{2150E333-8FDC-42A3-9474-1A3956D46DE8}") = "API", "API", "{951BB866-A302-4E5F-8E08-D013CFBAD34B}"
EndProject
Project("{2150E333-8FDC-42A3-9474-1A3956D46DE8}") = "Application", "Application", "{6B1C7307-F942-4488-9694-DB23F289147A}"
EndProject
Project("{2150E333-8FDC-42A3-9474-1A3956D46DE8}") = "Domain", "Domain", "{62C209E8-9C5C-4DFF-843E-A614E07BF82F}"
EndProject
Project("{2150E333-8FDC-42A3-9474-1A3956D46DE8}") = "Infrastructure", "Infrastructure", "{DC3AAFA3-53EF-4BE4-AB92-F4E2B8079CBC}"
EndProject
Project("{9A19103F-16F7-4668-BE54-9A1E7A4F7556}") = "SocPass.API", "SocPass.API\SocPass.API.csproj", "{1C047305-2D74-4374-8B57-0CF0101BA5E8}"
EndProject
Project("{9A19103F-16F7-4668-BE54-9A1E7A4F7556}") = "SocPass.Application", "SocPass.Application\SocPass.Application.csproj", "{37D8955B-3CD8-4E78-B93D-1CAE3E486710}"
EndProject
Project("{9A19103F-16F7-4668-BE54-9A1E7A4F7556}") = "SocPass.Domain", "SocPass.Domain\SocPass.Domain.csproj", "{5A36AF08-0CAB-4995-A34A-63C03B23C631}"
EndProject
Project("{9A19103F-16F7-4668-BE54-9A1E7A4F7556}") = "SocPass.Infrastructure", "SocPass.Infrastructure\SocPass.Infrastructure.csproj", "{0EE6FF63-AA10-4C3F-BFE0-B57D28C702F9}"
EndProject
Project("{2150E333-8FDC-42A3-9474-1A3956D46DE8}") = "SocPassUI", "SocPassUI", "{CECBE6A7-2E58-4AC4-A965-3574EAA28A4A}"
EndProject
Project("{2150E333-8FDC-42A3-9474-1A3956D46DE8}") = "UI", "UI", "{FEF72C43-14A4-4F20-AAFC-1A81C6EBA7A4}"
EndProject
Project("{FAE04EC0-301F-11D3-BF4B-00C04F79EFBC}") = "SocPass.UI", "SocPass.UI\SocPass.UI.csproj", "{0CD9D3DF-FAB4-44F4-A528-C0329338FEC1}"
EndProject
Project("{2150E333-8FDC-42A3-9474-1A3956D46DE8}") = "Application", "Application", "{36BE64FD-24EF-4794-B6FE-0F2B5D8E448D}"
EndProject
Project("{2150E333-8FDC-42A3-9474-1A3956D46DE8}") = "Domain", "Domain", "{80118C80-33A2-4C2A-AFF8-2C8D102DCE24}"
EndProject
Project("{2150E333-8FDC-42A3-9474-1A3956D46DE8}") = "Infrastructure", "Infrastructure", "{2DBDDA0F-FD21-459F-819D-A9412F0F59BC}"
EndProject
Project("{FAE04EC0-301F-11D3-BF4B-00C04F79EFBC}") = "SocPass.UI.Application", "SocPass.UI.Application\SocPass.UI.Application.csproj", "{E6CE47C8-D647-4065-AAEE-3335DF26EC43}"
EndProject
Project("{FAE04EC0-301F-11D3-BF4B-00C04F79EFBC}") = "SocPass.UI.Infrastructure", "SocPass.UI.Infrastructure\SocPass.UI.Infrastructure.csproj", "{84E98C6C-1101-4BEF-A10A-07D030170633}"
EndProject
Project("{FAE04EC0-301F-11D3-BF4B-00C04F79EFBC}") = "SocPass.UI.Domain", "SocPass.UI.Domain\SocPass.UI.Domain.csproj", "{D21628C6-B799-4CA2-AD2F-8B417CDDF7CC}"
EndProject
Global
	GlobalSection(SolutionConfigurationPlatforms) = preSolution
		Debug|Any CPU = Debug|Any CPU
		Release|Any CPU = Release|Any CPU
	EndGlobalSection
	GlobalSection(ProjectConfigurationPlatforms) = postSolution
		{05F87642-3041-4B9A-B41B-0DB2CB7EFCE1}.Debug|Any CPU.ActiveCfg = Debug|Any CPU
		{05F87642-3041-4B9A-B41B-0DB2CB7EFCE1}.Debug|Any CPU.Build.0 = Debug|Any CPU
		{05F87642-3041-4B9A-B41B-0DB2CB7EFCE1}.Release|Any CPU.ActiveCfg = Release|Any CPU
		{05F87642-3041-4B9A-B41B-0DB2CB7EFCE1}.Release|Any CPU.Build.0 = Release|Any CPU
		{2E728D8F-299B-47B5-BE19-99D8A400353B}.Debug|Any CPU.ActiveCfg = Debug|Any CPU
		{2E728D8F-299B-47B5-BE19-99D8A400353B}.Debug|Any CPU.Build.0 = Debug|Any CPU
		{2E728D8F-299B-47B5-BE19-99D8A400353B}.Release|Any CPU.ActiveCfg = Release|Any CPU
		{2E728D8F-299B-47B5-BE19-99D8A400353B}.Release|Any CPU.Build.0 = Release|Any CPU
		{F39EC7D8-CD3B-458A-B613-1A35A64BAA4A}.Debug|Any CPU.ActiveCfg = Debug|Any CPU
		{F39EC7D8-CD3B-458A-B613-1A35A64BAA4A}.Debug|Any CPU.Build.0 = Debug|Any CPU
		{F39EC7D8-CD3B-458A-B613-1A35A64BAA4A}.Release|Any CPU.ActiveCfg = Release|Any CPU
		{F39EC7D8-CD3B-458A-B613-1A35A64BAA4A}.Release|Any CPU.Build.0 = Release|Any CPU
		{FA311096-7EBF-47DE-9FA6-3C73622672F7}.Debug|Any CPU.ActiveCfg = Debug|Any CPU
		{FA311096-7EBF-47DE-9FA6-3C73622672F7}.Debug|Any CPU.Build.0 = Debug|Any CPU
		{FA311096-7EBF-47DE-9FA6-3C73622672F7}.Release|Any CPU.ActiveCfg = Release|Any CPU
		{FA311096-7EBF-47DE-9FA6-3C73622672F7}.Release|Any CPU.Build.0 = Release|Any CPU
		{D41E2927-5909-4F66-8062-C412E53F4B31}.Debug|Any CPU.ActiveCfg = Debug|Any CPU
		{D41E2927-5909-4F66-8062-C412E53F4B31}.Debug|Any CPU.Build.0 = Debug|Any CPU
		{D41E2927-5909-4F66-8062-C412E53F4B31}.Release|Any CPU.ActiveCfg = Release|Any CPU
		{D41E2927-5909-4F66-8062-C412E53F4B31}.Release|Any CPU.Build.0 = Release|Any CPU
		{6EBB503B-CBC6-4368-8064-CA55B3DAA33F}.Debug|Any CPU.ActiveCfg = Debug|Any CPU
		{6EBB503B-CBC6-4368-8064-CA55B3DAA33F}.Debug|Any CPU.Build.0 = Debug|Any CPU
		{6EBB503B-CBC6-4368-8064-CA55B3DAA33F}.Release|Any CPU.ActiveCfg = Release|Any CPU
		{6EBB503B-CBC6-4368-8064-CA55B3DAA33F}.Release|Any CPU.Build.0 = Release|Any CPU
		{F1F59676-750B-4310-9E72-ABDFCA99D6BA}.Debug|Any CPU.ActiveCfg = Debug|Any CPU
		{F1F59676-750B-4310-9E72-ABDFCA99D6BA}.Debug|Any CPU.Build.0 = Debug|Any CPU
		{F1F59676-750B-4310-9E72-ABDFCA99D6BA}.Release|Any CPU.ActiveCfg = Release|Any CPU
		{F1F59676-750B-4310-9E72-ABDFCA99D6BA}.Release|Any CPU.Build.0 = Release|Any CPU
		{1B2C0892-8300-4C8B-A971-DD80159C8A16}.Debug|Any CPU.ActiveCfg = Debug|Any CPU
		{1B2C0892-8300-4C8B-A971-DD80159C8A16}.Debug|Any CPU.Build.0 = Debug|Any CPU
		{1B2C0892-8300-4C8B-A971-DD80159C8A16}.Release|Any CPU.ActiveCfg = Release|Any CPU
		{1B2C0892-8300-4C8B-A971-DD80159C8A16}.Release|Any CPU.Build.0 = Release|Any CPU
		{1C047305-2D74-4374-8B57-0CF0101BA5E8}.Debug|Any CPU.ActiveCfg = Debug|Any CPU
		{1C047305-2D74-4374-8B57-0CF0101BA5E8}.Debug|Any CPU.Build.0 = Debug|Any CPU
		{1C047305-2D74-4374-8B57-0CF0101BA5E8}.Release|Any CPU.ActiveCfg = Release|Any CPU
		{1C047305-2D74-4374-8B57-0CF0101BA5E8}.Release|Any CPU.Build.0 = Release|Any CPU
		{37D8955B-3CD8-4E78-B93D-1CAE3E486710}.Debug|Any CPU.ActiveCfg = Debug|Any CPU
		{37D8955B-3CD8-4E78-B93D-1CAE3E486710}.Debug|Any CPU.Build.0 = Debug|Any CPU
		{37D8955B-3CD8-4E78-B93D-1CAE3E486710}.Release|Any CPU.ActiveCfg = Release|Any CPU
		{37D8955B-3CD8-4E78-B93D-1CAE3E486710}.Release|Any CPU.Build.0 = Release|Any CPU
		{5A36AF08-0CAB-4995-A34A-63C03B23C631}.Debug|Any CPU.ActiveCfg = Debug|Any CPU
		{5A36AF08-0CAB-4995-A34A-63C03B23C631}.Debug|Any CPU.Build.0 = Debug|Any CPU
		{5A36AF08-0CAB-4995-A34A-63C03B23C631}.Release|Any CPU.ActiveCfg = Release|Any CPU
		{5A36AF08-0CAB-4995-A34A-63C03B23C631}.Release|Any CPU.Build.0 = Release|Any CPU
		{0EE6FF63-AA10-4C3F-BFE0-B57D28C702F9}.Debug|Any CPU.ActiveCfg = Debug|Any CPU
		{0EE6FF63-AA10-4C3F-BFE0-B57D28C702F9}.Debug|Any CPU.Build.0 = Debug|Any CPU
		{0EE6FF63-AA10-4C3F-BFE0-B57D28C702F9}.Release|Any CPU.ActiveCfg = Release|Any CPU
		{0EE6FF63-AA10-4C3F-BFE0-B57D28C702F9}.Release|Any CPU.Build.0 = Release|Any CPU
		{0CD9D3DF-FAB4-44F4-A528-C0329338FEC1}.Debug|Any CPU.ActiveCfg = Debug|Any CPU
		{0CD9D3DF-FAB4-44F4-A528-C0329338FEC1}.Debug|Any CPU.Build.0 = Debug|Any CPU
		{0CD9D3DF-FAB4-44F4-A528-C0329338FEC1}.Release|Any CPU.ActiveCfg = Release|Any CPU
		{0CD9D3DF-FAB4-44F4-A528-C0329338FEC1}.Release|Any CPU.Build.0 = Release|Any CPU
		{E6CE47C8-D647-4065-AAEE-3335DF26EC43}.Debug|Any CPU.ActiveCfg = Debug|Any CPU
		{E6CE47C8-D647-4065-AAEE-3335DF26EC43}.Debug|Any CPU.Build.0 = Debug|Any CPU
		{E6CE47C8-D647-4065-AAEE-3335DF26EC43}.Release|Any CPU.ActiveCfg = Release|Any CPU
		{E6CE47C8-D647-4065-AAEE-3335DF26EC43}.Release|Any CPU.Build.0 = Release|Any CPU
		{84E98C6C-1101-4BEF-A10A-07D030170633}.Debug|Any CPU.ActiveCfg = Debug|Any CPU
		{84E98C6C-1101-4BEF-A10A-07D030170633}.Debug|Any CPU.Build.0 = Debug|Any CPU
		{84E98C6C-1101-4BEF-A10A-07D030170633}.Release|Any CPU.ActiveCfg = Release|Any CPU
		{84E98C6C-1101-4BEF-A10A-07D030170633}.Release|Any CPU.Build.0 = Release|Any CPU
		{D21628C6-B799-4CA2-AD2F-8B417CDDF7CC}.Debug|Any CPU.ActiveCfg = Debug|Any CPU
		{D21628C6-B799-4CA2-AD2F-8B417CDDF7CC}.Debug|Any CPU.Build.0 = Debug|Any CPU
		{D21628C6-B799-4CA2-AD2F-8B417CDDF7CC}.Release|Any CPU.ActiveCfg = Release|Any CPU
		{D21628C6-B799-4CA2-AD2F-8B417CDDF7CC}.Release|Any CPU.Build.0 = Release|Any CPU
	EndGlobalSection
	GlobalSection(SolutionProperties) = preSolution
		HideSolutionNode = FALSE
	EndGlobalSection
	GlobalSection(NestedProjects) = preSolution
		{05F87642-3041-4B9A-B41B-0DB2CB7EFCE1} = {02EA681E-C7D8-13C7-8484-4AC65E1B71E8}
		{2E728D8F-299B-47B5-BE19-99D8A400353B} = {03725668-363F-4E65-94E6-6CC3ECF3C195}
		{F39EC7D8-CD3B-458A-B613-1A35A64BAA4A} = {369CB01D-A1A7-72D2-AABC-3F0945D148A2}
		{FA311096-7EBF-47DE-9FA6-3C73622672F7} = {AC944325-6C3E-41DF-BE2D-F6604FFC2195}
		{6B730724-CB29-41D7-86FD-A5BB032B4EC3} = {BC8DC465-DA82-45D6-8EF7-C6F89FFA217C}
		{3C14F015-DAFC-49D0-A5B1-5A712241EA0B} = {BC8DC465-DA82-45D6-8EF7-C6F89FFA217C}
		{050F65DF-3355-4F38-8E6F-C087233B1BB0} = {BC8DC465-DA82-45D6-8EF7-C6F89FFA217C}
		{D41E2927-5909-4F66-8062-C412E53F4B31} = {3C14F015-DAFC-49D0-A5B1-5A712241EA0B}
		{6EBB503B-CBC6-4368-8064-CA55B3DAA33F} = {050F65DF-3355-4F38-8E6F-C087233B1BB0}
		{F1F59676-750B-4310-9E72-ABDFCA99D6BA} = {6B730724-CB29-41D7-86FD-A5BB032B4EC3}
		{AC944325-6C3E-41DF-BE2D-F6604FFC2195} = {BC8DC465-DA82-45D6-8EF7-C6F89FFA217C}
		{1B2C0892-8300-4C8B-A971-DD80159C8A16} = {7DC331D0-3EC4-40A6-69FB-1CBEB2E0D1EA}
		{951BB866-A302-4E5F-8E08-D013CFBAD34B} = {71FCF2BA-ADCF-43EE-ABBD-BDFF0FD1503C}
		{6B1C7307-F942-4488-9694-DB23F289147A} = {71FCF2BA-ADCF-43EE-ABBD-BDFF0FD1503C}
		{62C209E8-9C5C-4DFF-843E-A614E07BF82F} = {71FCF2BA-ADCF-43EE-ABBD-BDFF0FD1503C}
		{DC3AAFA3-53EF-4BE4-AB92-F4E2B8079CBC} = {71FCF2BA-ADCF-43EE-ABBD-BDFF0FD1503C}
		{1C047305-2D74-4374-8B57-0CF0101BA5E8} = {951BB866-A302-4E5F-8E08-D013CFBAD34B}
		{37D8955B-3CD8-4E78-B93D-1CAE3E486710} = {6B1C7307-F942-4488-9694-DB23F289147A}
		{5A36AF08-0CAB-4995-A34A-63C03B23C631} = {62C209E8-9C5C-4DFF-843E-A614E07BF82F}
		{0EE6FF63-AA10-4C3F-BFE0-B57D28C702F9} = {DC3AAFA3-53EF-4BE4-AB92-F4E2B8079CBC}
		{FEF72C43-14A4-4F20-AAFC-1A81C6EBA7A4} = {CECBE6A7-2E58-4AC4-A965-3574EAA28A4A}
		{0CD9D3DF-FAB4-44F4-A528-C0329338FEC1} = {FEF72C43-14A4-4F20-AAFC-1A81C6EBA7A4}
		{36BE64FD-24EF-4794-B6FE-0F2B5D8E448D} = {CECBE6A7-2E58-4AC4-A965-3574EAA28A4A}
		{80118C80-33A2-4C2A-AFF8-2C8D102DCE24} = {CECBE6A7-2E58-4AC4-A965-3574EAA28A4A}
		{2DBDDA0F-FD21-459F-819D-A9412F0F59BC} = {CECBE6A7-2E58-4AC4-A965-3574EAA28A4A}
		{E6CE47C8-D647-4065-AAEE-3335DF26EC43} = {36BE64FD-24EF-4794-B6FE-0F2B5D8E448D}
		{84E98C6C-1101-4BEF-A10A-07D030170633} = {2DBDDA0F-FD21-459F-819D-A9412F0F59BC}
		{D21628C6-B799-4CA2-AD2F-8B417CDDF7CC} = {80118C80-33A2-4C2A-AFF8-2C8D102DCE24}
	EndGlobalSection
	GlobalSection(ExtensibilityGlobals) = postSolution
		SolutionGuid = {71D3CB59-1302-4E9C-82A5-08ABD93C3EDF}
	EndGlobalSection
EndGlobal
